
Microsoft Visual Studio Solution File, Format Version 12.00
# Visual Studio Version 16
VisualStudioVersion = 16.0.31205.134
MinimumVisualStudioVersion = 10.0.40219.1
Project("{FAE04EC0-301F-11D3-BF4B-00C04F79EFBC}") = "Crypto_Dashboard_2.Server", "Crypto_Dashboard_2\Server\Crypto_Dashboard_2.Server.csproj", "{1A37238E-4B7E-4B52-8E4C-AA6C9667300E}"
EndProject
Project("{FAE04EC0-301F-11D3-BF4B-00C04F79EFBC}") = "Crypto_Dashboard_2.Client", "Crypto_Dashboard_2\Client\Crypto_Dashboard_2.Client.csproj", "{5A8A32E0-B45D-444A-862D-FA6D2764E6B3}"
EndProject
Project("{FAE04EC0-301F-11D3-BF4B-00C04F79EFBC}") = "Crypto_Dashboard_2.Shared", "Crypto_Dashboard_2\Shared\Crypto_Dashboard_2.Shared.csproj", "{A4A483DD-558E-4916-9383-985CF27236C4}"
EndProject
Global
	GlobalSection(SolutionConfigurationPlatforms) = preSolution
		Debug|Any CPU = Debug|Any CPU
		Release|Any CPU = Release|Any CPU
	EndGlobalSection
	GlobalSection(ProjectConfigurationPlatforms) = postSolution
		{1A37238E-4B7E-4B52-8E4C-AA6C9667300E}.Debug|Any CPU.ActiveCfg = Debug|Any CPU
		{1A37238E-4B7E-4B52-8E4C-AA6C9667300E}.Debug|Any CPU.Build.0 = Debug|Any CPU
		{1A37238E-4B7E-4B52-8E4C-AA6C9667300E}.Release|Any CPU.ActiveCfg = Release|Any CPU
		{1A37238E-4B7E-4B52-8E4C-AA6C9667300E}.Release|Any CPU.Build.0 = Release|Any CPU
		{5A8A32E0-B45D-444A-862D-FA6D2764E6B3}.Debug|Any CPU.ActiveCfg = Debug|Any CPU
		{5A8A32E0-B45D-444A-862D-FA6D2764E6B3}.Debug|Any CPU.Build.0 = Debug|Any CPU
		{5A8A32E0-B45D-444A-862D-FA6D2764E6B3}.Release|Any CPU.ActiveCfg = Release|Any CPU
		{5A8A32E0-B45D-444A-862D-FA6D2764E6B3}.Release|Any CPU.Build.0 = Release|Any CPU
		{A4A483DD-558E-4916-9383-985CF27236C4}.Debug|Any CPU.ActiveCfg = Debug|Any CPU
		{A4A483DD-558E-4916-9383-985CF27236C4}.Debug|Any CPU.Build.0 = Debug|Any CPU
		{A4A483DD-558E-4916-9383-985CF27236C4}.Release|Any CPU.ActiveCfg = Release|Any CPU
		{A4A483DD-558E-4916-9383-985CF27236C4}.Release|Any CPU.Build.0 = Release|Any CPU
	EndGlobalSection
	GlobalSection(SolutionProperties) = preSolution
		HideSolutionNode = FALSE
	EndGlobalSection
	GlobalSection(ExtensibilityGlobals) = postSolution
		SolutionGuid = {5EE3F4AF-1611-4E6F-A987-162874A65622}
	EndGlobalSection
EndGlobal
